PODS:
  - AFNetworking (3.2.1):
    - AFNetworking/NSURLSession (= 3.2.1)
    - AFNetworking/Reachability (= 3.2.1)
    - AFNetworking/Security (= 3.2.1)
    - AFNetworking/Serialization (= 3.2.1)
    - AFNetworking/UIKit (= 3.2.1)
  - AFNetworking/NSURLSession (3.2.1):
    - AFNetworking/Reachability
    - AFNetworking/Security
    - AFNetworking/Serialization
  - AFNetworking/Reachability (3.2.1)
  - AFNetworking/Security (3.2.1)
  - AFNetworking/Serialization (3.2.1)
  - AFNetworking/UIKit (3.2.1):
    - AFNetworking/NSURLSession
  - Aspects (1.4.1)
  - FMDB/FTS (2.7.5):
    - FMDB/standard
  - FMDB/standard (2.7.5)
  - IQKeyboardManager (6.2.1)
  - lottie-ios (2.5.3)
  - Masonry (1.1.0)
  - MBProgressHUD (1.1.0)
  - MJRefresh (3.1.16)
  - pop (1.0.12)
  - ReactiveObjC (3.1.0)
  - SAMKeychain (1.5.3)
  - SDWebImage (5.0.0):
    - SDWebImage/Core (= 5.0.0)
  - SDWebImage/Core (5.0.0)
  - SNAnimations (0.0.4)
  - SNBadgeView (0.0.4)
  - SNDBManager (0.0.5):
    - FMDB/FTS
  - SNDownTimer (0.0.8)
  - SNFileManager (0.0.1)
  - SNFoundation (0.0.4)
  - SNImageBrowserViewController (0.0.4):
    - pop
    - ReactiveObjC
    - SDWebImage
    - SNTool
  - SNMediatorKit (0.1.9):
    - SNTool
  - SNNetworking (0.1.4):
    - AFNetworking
    - SNFoundation
    - SNTool
  - SNPhotoCarmeraViewController (0.0.7):
    - SNTool
  - SNPopupViewController (0.1.3):
    - SNTool
  - SNScanViewController (0.1.5):
    - Masonry
    - SNTool
  - SNTool (0.1.6):
    - MBProgressHUD
  - SNUIKit (0.3.1):
    - Aspects
    - Masonry
    - ReactiveObjC
    - SNTool
  - SNWebViewController (0.1.5):
    - Aspects
    - ReactiveObjC
    - SNDownTimer
    - SNFoundation
    - SNNetworking
    - SNTool
    - WebViewJavascriptBridge
  - WebViewJavascriptBridge (6.0.3)

DEPENDENCIES:
  - AFNetworking
  - Aspects
  - FMDB/FTS
  - IQKeyboardManager
  - lottie-ios (~> 2.5.3)
  - Masonry
  - MBProgressHUD
  - MJRefresh
  - pop
  - ReactiveObjC
  - SAMKeychain
  - SDWebImage
  - SNAnimations
  - SNBadgeView
  - SNDBManager
  - SNDownTimer
  - SNFileManager
  - SNFoundation
  - SNImageBrowserViewController
  - SNMediatorKit
  - SNNetworking
  - SNPhotoCarmeraViewController
  - SNPopupViewController
  - SNScanViewController
  - SNTool
  - SNUIKit
  - SNWebViewController
  - WebViewJavascriptBridge

SPEC REPOS:
  https://github.com/cocoapods/specs.git:
    - AFNetworking
    - Aspects
    - FMDB
    - IQKeyboardManager
    - lottie-ios
    - Masonry
    - MBProgressHUD
    - MJRefresh
    - pop
    - ReactiveObjC
    - SAMKeychain
    - SDWebImage
    - SNAnimations
    - SNBadgeView
    - SNDBManager
    - SNDownTimer
    - SNFileManager
    - SNFoundation
    - SNImageBrowserViewController
    - SNMediatorKit
    - SNNetworking
    - SNPhotoCarmeraViewController
    - SNPopupViewController
    - SNScanViewController
    - SNTool
    - SNUIKit
    - SNWebViewController
    - WebViewJavascriptBridge

SPEC CHECKSUMS:
  AFNetworking: b6f891fdfaed196b46c7a83cf209e09697b94057
  Aspects: 7595ba96a6727a58ebcbfc954497fc5d2fdde546
  FMDB: 2ce00b547f966261cd18927a3ddb07cb6f3db82a
  IQKeyboardManager: 964638372b4a61892cc74fdfa6fd26de8c9464a2
  lottie-ios: a50d5c0160425cd4b01b852bb9578963e6d92d31
  Masonry: 678fab65091a9290e40e2832a55e7ab731aad201
  MBProgressHUD: e7baa36a220447d8aeb12769bf0585582f3866d9
  MJRefresh: 7798e16e53a5ef7f332dd05b27664db4e29530fd
  pop: d582054913807fd11fd50bfe6a539d91c7e1a55a
  ReactiveObjC: 2a38ea15335de4119d8b17caf1db1484f61db902
  SAMKeychain: 483e1c9f32984d50ca961e26818a534283b4cd5c
  SDWebImage: 5de80a0302de9e377e62f47d2fa1304efff0e55f
  SNAnimations: 44da5ec77e711d37fc7415261bc7ab51d71e191a
  SNBadgeView: 34e8909b8fc865ac8c966699f6669aee0a0d43d6
  SNDBManager: 429167dd16de56267ca474d9a0885aa8a346cfde
  SNDownTimer: ff047bcda4943f3e519953200a433d993add7383
  SNFileManager: 5afd2c2268e1125fef814d97c65c58b94488bdfe
  SNFoundation: dc9691581e4e744e50b1505a53d659b1197073b5
  SNImageBrowserViewController: d6240aa83143f559c5cd53dc82bf035a11491dd6
  SNMediatorKit: 43ce20558dfa012aaa255fa320eb9cb49b1a8ce5
  SNNetworking: 9af16bced795cbd6a148937b92bcfd4969a7ee93
  SNPhotoCarmeraViewController: 5e5d6debab3712092ac6b0117a6fee3da2736fb2
  SNPopupViewController: fc7fd0507eec0a55a8d9e2f66583337c4e037e3f
  SNScanViewController: 90a52910e87f687bb2d5852888eba8f7196a825d
  SNTool: 8cb927cbbb026e16a77c744966107afc943e6f59
  SNUIKit: c58964eac198b01402f353f9a3e4813b6544b6a4
  SNWebViewController: c1c0fc1149a8e563b31591a602d9d4bbceec310f
  WebViewJavascriptBridge: 7f5bc4d3581e672e8f32bd0f812d54bc69bb8e29

PODFILE CHECKSUM: 6cdab926a0f80338d25d1916a1ef3615143cd5ad

COCOAPODS: 1.7.0.beta.2
